
Microsoft Visual Studio Solution File, Format Version 12.00
# Visual Studio Version 17
VisualStudioVersion = 17.9.34728.123
MinimumVisualStudioVersion = 10.0.40219.1
Project("{FAE04EC0-301F-11D3-BF4B-00C04F79EFBC}") = "ApiRestPlanilla", "ApiRestPlanilla\ApiRestPlanilla.csproj", "{FE5A53E1-0182-47C2-B77D-DC59A9D32649}"
EndProject
Global
	GlobalSection(SolutionConfigurationPlatforms) = preSolution
		Debug|Any CPU = Debug|Any CPU
		Release|Any CPU = Release|Any CPU
	EndGlobalSection
	GlobalSection(ProjectConfigurationPlatforms) = postSolution
		{FE5A53E1-0182-47C2-B77D-DC59A9D32649}.Debug|Any CPU.ActiveCfg = Debug|Any CPU
		{FE5A53E1-0182-47C2-B77D-DC59A9D32649}.Debug|Any CPU.Build.0 = Debug|Any CPU
		{FE5A53E1-0182-47C2-B77D-DC59A9D32649}.Release|Any CPU.ActiveCfg = Release|Any CPU
		{FE5A53E1-0182-47C2-B77D-DC59A9D32649}.Release|Any CPU.Build.0 = Release|Any CPU
	EndGlobalSection
	GlobalSection(SolutionProperties) = preSolution
		HideSolutionNode = FALSE
	EndGlobalSection
	GlobalSection(ExtensibilityGlobals) = postSolution
		SolutionGuid = {067AC6F0-D1D5-4D30-83C4-D13764A0B555}
	EndGlobalSection
EndGlobal
